<?xml version="1.0" encoding="utf-8"?>
<Project ToolsVersion="4.0" xmlns="http://schemas.microsoft.com/developer/msbuild/2003">
  <ItemGroup>
    <Filter Include="Source Files">
      <UniqueIdentifier>{4FC737F1-C7A5-4376-A066-2A32D752A2FF}</UniqueIdentifier>
      <Extensions>cpp;c;cc;cxx;def;odl;idl;hpj;bat;asm;asmx</Extensions>
    </Filter>
    <Filter Include="Header Files">
      <UniqueIdentifier>{93995380-89BD-4b04-88EB-625FBE52EBFB}</UniqueIdentifier>
      <Extensions>h;hpp;hxx;hm;inl;inc;xsd</Extensions>
    </Filter>
    <Filter Include="Resource Files">
      <UniqueIdentifier>{67DA6AB6-F800-4c08-8B7A-83BB121AAD01}</UniqueIdentifier>
      <Extensions>rc;ico;cur;bmp;dlg;rc2;rct;bin;rgs;gif;jpg;jpeg;jpe;resx;tiff;tif;png;wav;mfcribbon-ms</Extensions>
    </Filter>
  </ItemGroup>
  <ItemGroup>
    <ClCompile Include="WinMain.cpp">
      <Filter>Source Files</Filter>
    </ClCompile>
    <ClCompile Include="MGMDirectXTool.cpp">
      <Filter>Source Files</Filter>
    </ClCompile>
    <ClCompile Include="MGMForm.cpp">
      <Filter>Source Files</Filter>
    </ClCompile>
    <ClCompile Include="MGMGame.cpp">
      <Filter>Source Files</Filter>
    </ClCompile>
    <ClCompile Include="MGMGameTime.cpp">
      <Filter>Source Files</Filter>
    </ClCompile>
    <ClCompile Include="MGMGameTimeLoop.cpp">
      <Filter>Source Files</Filter>
    </ClCompile>
    <ClCompile Include="MGMPoint.cpp">
      <Filter>Source Files</Filter>
    </ClCompile>
    <ClCompile Include="MGMSurface.cpp">
      <Filter>Source Files</Filter>
    </ClCompile>
    <ClCompile Include="MGMTexture.cpp">
      <Filter>Source Files</Filter>
    </ClCompile>
    <ClCompile Include="FRectangle.cpp">
      <Filter>Source Files</Filter>
    </ClCompile>
    <ClCompile Include="FBox.cpp">
      <Filter>Source Files</Filter>
    </ClCompile>
    <ClCompile Include="BaseObject.cpp">
      <Filter>Source Files</Filter>
    </ClCompile>
    <ClCompile Include="MovableObject.cpp">
      <Filter>Source Files</Filter>
    </ClCompile>
    <ClCompile Include="Sprite.cpp">
      <Filter>Source Files</Filter>
    </ClCompile>
    <ClCompile Include="Animation.cpp">
      <Filter>Source Files</Filter>
    </ClCompile>
    <ClCompile Include="SpriteManager.cpp">
      <Filter>Source Files</Filter>
    </ClCompile>
    <ClCompile Include="Rockman.cpp">
      <Filter>Source Files</Filter>
    </ClCompile>
    <ClCompile Include="Collision.cpp">
      <Filter>Source Files</Filter>
    </ClCompile>
    <ClCompile Include="KEY.cpp">
      <Filter>Source Files</Filter>
    </ClCompile>
    <ClCompile Include="Keyboard.cpp">
      <Filter>Source Files</Filter>
    </ClCompile>
    <ClCompile Include="MGMCamera.cpp">
      <Filter>Source Files</Filter>
    </ClCompile>
    <ClCompile Include="TileMap.cpp">
      <Filter>Source Files</Filter>
    </ClCompile>
    <ClCompile Include="Map.cpp">
      <Filter>Source Files</Filter>
    </ClCompile>
    <ClCompile Include="QuadNode.cpp">
      <Filter>Source Files</Filter>
    </ClCompile>
    <ClCompile Include="ObjectsFilter.cpp">
      <Filter>Source Files</Filter>
    </ClCompile>
    <ClCompile Include="QuadTree.cpp">
      <Filter>Source Files</Filter>
    </ClCompile>
    <ClCompile Include="Stage.cpp">
      <Filter>Source Files</Filter>
    </ClCompile>
    <ClCompile Include="Stairs.cpp">
      <Filter>Source Files</Filter>
    </ClCompile>
    <ClCompile Include="Constant.cpp">
      <Filter>Source Files</Filter>
    </ClCompile>
    <ClCompile Include="DelayTime.cpp">
      <Filter>Source Files</Filter>
    </ClCompile>
    <ClCompile Include="OuterSpace.cpp">
      <Filter>Source Files</Filter>
    </ClCompile>
    <ClCompile Include="RockmanBullet.cpp">
      <Filter>Source Files</Filter>
    </ClCompile>
    <ClCompile Include="SuperCutter.cpp">
      <Filter>Source Files</Filter>
    </ClCompile>
    <ClCompile Include="Beak.cpp">
      <Filter>Source Files</Filter>
    </ClCompile>
    <ClCompile Include="BeakBullet.cpp">
      <Filter>Source Files</Filter>
    </ClCompile>
    <ClCompile Include="Blader.cpp">
      <Filter>Source Files</Filter>
    </ClCompile>
    <ClCompile Include="Enemy.cpp">
      <Filter>Source Files</Filter>
    </ClCompile>
    <ClCompile Include="OctopusBattery.cpp">
      <Filter>Source Files</Filter>
    </ClCompile>
    <ClCompile Include="Picket.cpp">
      <Filter>Source Files</Filter>
    </ClCompile>
    <ClCompile Include="Flea.cpp">
      <Filter>Source Files</Filter>
    </ClCompile>
    <ClCompile Include="SuperCutterBullet.cpp">
      <Filter>Source Files</Filter>
    </ClCompile>
  </ItemGroup>
  <ItemGroup>
    <ClInclude Include="Config.h">
      <Filter>Header Files</Filter>
    </ClInclude>
    <ClInclude Include="MGMDirectXTool.h">
      <Filter>Header Files</Filter>
    </ClInclude>
    <ClInclude Include="MGMForm.h">
      <Filter>Header Files</Filter>
    </ClInclude>
    <ClInclude Include="MGMGame.h">
      <Filter>Header Files</Filter>
    </ClInclude>
    <ClInclude Include="MGMGameTime.h">
      <Filter>Header Files</Filter>
    </ClInclude>
    <ClInclude Include="MGMGameTimeLoop.h">
      <Filter>Header Files</Filter>
    </ClInclude>
    <ClInclude Include="MGMPoint.h">
      <Filter>Header Files</Filter>
    </ClInclude>
    <ClInclude Include="MGMSurface.h">
      <Filter>Header Files</Filter>
    </ClInclude>
    <ClInclude Include="MGMTexture.h">
      <Filter>Header Files</Filter>
    </ClInclude>
    <ClInclude Include="FRectangle.h">
      <Filter>Header Files</Filter>
    </ClInclude>
    <ClInclude Include="FBox.h">
      <Filter>Header Files</Filter>
    </ClInclude>
    <ClInclude Include="BaseObject.h">
      <Filter>Header Files</Filter>
    </ClInclude>
    <ClInclude Include="MovableObject.h">
      <Filter>Header Files</Filter>
    </ClInclude>
    <ClInclude Include="Sprite.h">
      <Filter>Header Files</Filter>
    </ClInclude>
    <ClInclude Include="Animation.h">
      <Filter>Header Files</Filter>
    </ClInclude>
    <ClInclude Include="SpriteManager.h">
      <Filter>Header Files</Filter>
    </ClInclude>
    <ClInclude Include="Rockman.h">
      <Filter>Header Files</Filter>
    </ClInclude>
    <ClInclude Include="Collision.h">
      <Filter>Header Files</Filter>
    </ClInclude>
    <ClInclude Include="KEY.h">
      <Filter>Header Files</Filter>
    </ClInclude>
    <ClInclude Include="Keyboard.h">
      <Filter>Header Files</Filter>
    </ClInclude>
    <ClInclude Include="MGMCamera.h">
      <Filter>Header Files</Filter>
    </ClInclude>
    <ClInclude Include="TileMap.h">
      <Filter>Header Files</Filter>
    </ClInclude>
    <ClInclude Include="Map.h">
      <Filter>Header Files</Filter>
    </ClInclude>
    <ClInclude Include="QuadNode.h">
      <Filter>Header Files</Filter>
    </ClInclude>
    <ClInclude Include="List.h">
      <Filter>Header Files</Filter>
    </ClInclude>
    <ClInclude Include="ObjectsFilter.h">
      <Filter>Header Files</Filter>
    </ClInclude>
    <ClInclude Include="QuadTree.h">
      <Filter>Header Files</Filter>
    </ClInclude>
    <ClInclude Include="Stage.h">
      <Filter>Header Files</Filter>
    </ClInclude>
    <ClInclude Include="Stairs.h">
      <Filter>Header Files</Filter>
    </ClInclude>
    <ClInclude Include="DelayTime.h">
      <Filter>Header Files</Filter>
    </ClInclude>
    <ClInclude Include="OuterSpace.h">
      <Filter>Header Files</Filter>
    </ClInclude>
    <ClInclude Include="RockmanBullet.h">
      <Filter>Header Files</Filter>
    </ClInclude>
    <ClInclude Include="SuperCutter.h">
      <Filter>Header Files</Filter>
    </ClInclude>
    <ClInclude Include="Beak.h">
      <Filter>Header Files</Filter>
    </ClInclude>
    <ClInclude Include="BeakBullet.h">
      <Filter>Header Files</Filter>
    </ClInclude>
    <ClInclude Include="Blader.h">
      <Filter>Header Files</Filter>
    </ClInclude>
    <ClInclude Include="Enemy.h">
      <Filter>Header Files</Filter>
    </ClInclude>
    <ClInclude Include="OctopusBattery.h">
      <Filter>Header Files</Filter>
    </ClInclude>
    <ClInclude Include="Picket.h">
      <Filter>Header Files</Filter>
    </ClInclude>
    <ClInclude Include="Flea.h">
      <Filter>Header Files</Filter>
    </ClInclude>
    <ClInclude Include="SuperCutterBullet.h">
      <Filter>Header Files</Filter>
    </ClInclude>
  </ItemGroup>
</Project>