<?xml version="1.0" encoding="utf-8"?>
<Project ToolsVersion="4.0" xmlns="http://schemas.microsoft.com/developer/msbuild/2003">
  <ItemGroup>
    <Filter Include="Source Files">
      <UniqueIdentifier>{4FC737F1-C7A5-4376-A066-2A32D752A2FF}</UniqueIdentifier>
      <Extensions>cpp;c;cc;cxx;def;odl;idl;hpj;bat;asm;asmx</Extensions>
    </Filter>
    <Filter Include="Header Files">
      <UniqueIdentifier>{93995380-89BD-4b04-88EB-625FBE52EBFB}</UniqueIdentifier>
      <Extensions>h;hpp;hxx;hm;inl;inc;xsd</Extensions>
    </Filter>
    <Filter Include="Resource Files">
      <UniqueIdentifier>{67DA6AB6-F800-4c08-8B7A-83BB121AAD01}</UniqueIdentifier>
      <Extensions>rc;ico;cur;bmp;dlg;rc2;rct;bin;rgs;gif;jpg;jpeg;jpe;resx;tiff;tif;png;wav;mfcribbon-ms</Extensions>
    </Filter>
    <Filter Include="StageSelect">
      <UniqueIdentifier>{139bc853-4774-44b0-a6cb-d24f9d66f005}</UniqueIdentifier>
    </Filter>
  </ItemGroup>
  <ItemGroup>
    <ClCompile Include="WinMain.cpp">
      <Filter>Source Files</Filter>
    </ClCompile>
    <ClCompile Include="MGMSurface.cpp">
      <Filter>Source Files</Filter>
    </ClCompile>
    <ClCompile Include="MGMTexture.cpp">
      <Filter>Source Files</Filter>
    </ClCompile>
    <ClCompile Include="FRectangle.cpp">
      <Filter>Source Files</Filter>
    </ClCompile>
    <ClCompile Include="FBox.cpp">
      <Filter>Source Files</Filter>
    </ClCompile>
    <ClCompile Include="BaseObject.cpp">
      <Filter>Source Files</Filter>
    </ClCompile>
    <ClCompile Include="MovableObject.cpp">
      <Filter>Source Files</Filter>
    </ClCompile>
    <ClCompile Include="Sprite.cpp">
      <Filter>Source Files</Filter>
    </ClCompile>
    <ClCompile Include="Animation.cpp">
      <Filter>Source Files</Filter>
    </ClCompile>
    <ClCompile Include="SpriteManager.cpp">
      <Filter>Source Files</Filter>
    </ClCompile>
    <ClCompile Include="Rockman.cpp">
      <Filter>Source Files</Filter>
    </ClCompile>
    <ClCompile Include="Collision.cpp">
      <Filter>Source Files</Filter>
    </ClCompile>
    <ClCompile Include="KEY.cpp">
      <Filter>Source Files</Filter>
    </ClCompile>
    <ClCompile Include="Keyboard.cpp">
      <Filter>Source Files</Filter>
    </ClCompile>
    <ClCompile Include="TileMap.cpp">
      <Filter>Source Files</Filter>
    </ClCompile>
    <ClCompile Include="Map.cpp">
      <Filter>Source Files</Filter>
    </ClCompile>
    <ClCompile Include="QuadNode.cpp">
      <Filter>Source Files</Filter>
    </ClCompile>
    <ClCompile Include="ObjectsFilter.cpp">
      <Filter>Source Files</Filter>
    </ClCompile>
    <ClCompile Include="QuadTree.cpp">
      <Filter>Source Files</Filter>
    </ClCompile>
    <ClCompile Include="Stage.cpp">
      <Filter>Source Files</Filter>
    </ClCompile>
    <ClCompile Include="Stairs.cpp">
      <Filter>Source Files</Filter>
    </ClCompile>
    <ClCompile Include="Constant.cpp">
      <Filter>Source Files</Filter>
    </ClCompile>
    <ClCompile Include="DelayTime.cpp">
      <Filter>Source Files</Filter>
    </ClCompile>
    <ClCompile Include="OuterSpace.cpp">
      <Filter>Source Files</Filter>
    </ClCompile>
    <ClCompile Include="RockmanBullet.cpp">
      <Filter>Source Files</Filter>
    </ClCompile>
    <ClCompile Include="SuperCutter.cpp">
      <Filter>Source Files</Filter>
    </ClCompile>
    <ClCompile Include="Beak.cpp">
      <Filter>Source Files</Filter>
    </ClCompile>
    <ClCompile Include="BeakBullet.cpp">
      <Filter>Source Files</Filter>
    </ClCompile>
    <ClCompile Include="Blader.cpp">
      <Filter>Source Files</Filter>
    </ClCompile>
    <ClCompile Include="Enemy.cpp">
      <Filter>Source Files</Filter>
    </ClCompile>
    <ClCompile Include="OctopusBattery.cpp">
      <Filter>Source Files</Filter>
    </ClCompile>
    <ClCompile Include="Picket.cpp">
      <Filter>Source Files</Filter>
    </ClCompile>
    <ClCompile Include="Flea.cpp">
      <Filter>Source Files</Filter>
    </ClCompile>
    <ClCompile Include="SuperCutterBullet.cpp">
      <Filter>Source Files</Filter>
    </ClCompile>
    <ClCompile Include="FlyingShell.cpp">
      <Filter>Source Files</Filter>
    </ClCompile>
    <ClCompile Include="BigEye.cpp">
      <Filter>Source Files</Filter>
    </ClCompile>
    <ClCompile Include="ScrewBomber.cpp">
      <Filter>Source Files</Filter>
    </ClCompile>
    <ClCompile Include="Cutman.cpp">
      <Filter>Source Files</Filter>
    </ClCompile>
    <ClCompile Include="Door.cpp">
      <Filter>Source Files</Filter>
    </ClCompile>
    <ClCompile Include="Scene.cpp">
      <Filter>Source Files</Filter>
    </ClCompile>
    <ClCompile Include="SelectMapScene.cpp">
      <Filter>Source Files</Filter>
    </ClCompile>
    <ClCompile Include="MapScene.cpp">
      <Filter>Source Files</Filter>
    </ClCompile>
    <ClCompile Include="CutmanMap.cpp">
      <Filter>Source Files</Filter>
    </ClCompile>
    <ClCompile Include="GutsmanMap.cpp">
      <Filter>Source Files</Filter>
    </ClCompile>
    <ClCompile Include="TextSprite.cpp">
      <Filter>Source Files</Filter>
    </ClCompile>
    <ClCompile Include="IntroScene.cpp">
      <Filter>Source Files</Filter>
    </ClCompile>
    <ClCompile Include="CutmanScissors.cpp">
      <Filter>Source Files</Filter>
    </ClCompile>
    <ClCompile Include="Met.cpp">
      <Filter>Source Files</Filter>
    </ClCompile>
    <ClCompile Include="Trundle.cpp">
      <Filter>Source Files</Filter>
    </ClCompile>
    <ClCompile Include="Bridge.cpp">
      <Filter>Source Files</Filter>
    </ClCompile>
    <ClCompile Include="PicketBullet.cpp">
      <Filter>Source Files</Filter>
    </ClCompile>
    <ClCompile Include="SelectMapFrame.cpp">
      <Filter>Source Files</Filter>
    </ClCompile>
    <ClCompile Include="Death.cpp">
      <Filter>Source Files</Filter>
    </ClCompile>
    <ClCompile Include="Item.cpp">
      <Filter>Source Files</Filter>
    </ClCompile>
    <ClCompile Include="BonusBallItem.cpp">
      <Filter>Source Files</Filter>
    </ClCompile>
    <ClCompile Include="OneUpItem.cpp">
      <Filter>Source Files</Filter>
    </ClCompile>
    <ClCompile Include="BigLifeEnergyItem.cpp">
      <Filter>Source Files</Filter>
    </ClCompile>
    <ClCompile Include="SmallLifeEnergyItem.cpp">
      <Filter>Source Files</Filter>
    </ClCompile>
    <ClCompile Include="MagnetBeamItem.cpp">
      <Filter>Source Files</Filter>
    </ClCompile>
    <ClCompile Include="BigWeaponEnergyItem.cpp">
      <Filter>Source Files</Filter>
    </ClCompile>
    <ClCompile Include="SmallWeaponEnergyItem.cpp">
      <Filter>Source Files</Filter>
    </ClCompile>
    <ClCompile Include="YashichiItem.cpp">
      <Filter>Source Files</Filter>
    </ClCompile>
    <ClCompile Include="RockmanCutBullet.cpp">
      <Filter>Source Files</Filter>
    </ClCompile>
    <ClCompile Include="HealthSprite.cpp">
      <Filter>Source Files</Filter>
    </ClCompile>
    <ClCompile Include="RockmanDeath.cpp">
      <Filter>Source Files</Filter>
    </ClCompile>
    <ClCompile Include="Spike.cpp">
      <Filter>Source Files</Filter>
    </ClCompile>
    <ClCompile Include="DeathHole.cpp">
      <Filter>Source Files</Filter>
    </ClCompile>
    <ClCompile Include="Flickable.cpp">
      <Filter>Source Files</Filter>
    </ClCompile>
    <ClCompile Include="Camera.cpp">
      <Filter>Source Files</Filter>
    </ClCompile>
    <ClCompile Include="DirectXTool.cpp">
      <Filter>Source Files</Filter>
    </ClCompile>
    <ClCompile Include="Form.cpp">
      <Filter>Source Files</Filter>
    </ClCompile>
    <ClCompile Include="GameTime.cpp">
      <Filter>Source Files</Filter>
    </ClCompile>
    <ClCompile Include="MGMPoint.cpp">
      <Filter>Source Files</Filter>
    </ClCompile>
    <ClCompile Include="CWaveFile.cpp">
      <Filter>Source Files</Filter>
    </ClCompile>
    <ClCompile Include="GameSound.cpp">
      <Filter>Source Files</Filter>
    </ClCompile>
    <ClCompile Include="Sound.cpp">
      <Filter>Source Files</Filter>
    </ClCompile>
    <ClCompile Include="Gutsman.cpp">
      <Filter>Source Files</Filter>
    </ClCompile>
    <ClCompile Include="GutsmanRock.cpp">
      <Filter>Source Files</Filter>
    </ClCompile>
    <ClCompile Include="GutsmanBrokenRock.cpp">
      <Filter>Source Files</Filter>
    </ClCompile>
    <ClCompile Include="ClearPointSprite.cpp">
      <Filter>Source Files</Filter>
    </ClCompile>
    <ClCompile Include="StartGameScene.cpp">
      <Filter>Source Files</Filter>
    </ClCompile>
  </ItemGroup>
  <ItemGroup>
    <ClInclude Include="Config.h">
      <Filter>Header Files</Filter>
    </ClInclude>
    <ClInclude Include="MGMSurface.h">
      <Filter>Header Files</Filter>
    </ClInclude>
    <ClInclude Include="MGMTexture.h">
      <Filter>Header Files</Filter>
    </ClInclude>
    <ClInclude Include="FRectangle.h">
      <Filter>Header Files</Filter>
    </ClInclude>
    <ClInclude Include="FBox.h">
      <Filter>Header Files</Filter>
    </ClInclude>
    <ClInclude Include="BaseObject.h">
      <Filter>Header Files</Filter>
    </ClInclude>
    <ClInclude Include="MovableObject.h">
      <Filter>Header Files</Filter>
    </ClInclude>
    <ClInclude Include="Sprite.h">
      <Filter>Header Files</Filter>
    </ClInclude>
    <ClInclude Include="Animation.h">
      <Filter>Header Files</Filter>
    </ClInclude>
    <ClInclude Include="SpriteManager.h">
      <Filter>Header Files</Filter>
    </ClInclude>
    <ClInclude Include="Rockman.h">
      <Filter>Header Files</Filter>
    </ClInclude>
    <ClInclude Include="Collision.h">
      <Filter>Header Files</Filter>
    </ClInclude>
    <ClInclude Include="KEY.h">
      <Filter>Header Files</Filter>
    </ClInclude>
    <ClInclude Include="Keyboard.h">
      <Filter>Header Files</Filter>
    </ClInclude>
    <ClInclude Include="TileMap.h">
      <Filter>Header Files</Filter>
    </ClInclude>
    <ClInclude Include="Map.h">
      <Filter>Header Files</Filter>
    </ClInclude>
    <ClInclude Include="QuadNode.h">
      <Filter>Header Files</Filter>
    </ClInclude>
    <ClInclude Include="List.h">
      <Filter>Header Files</Filter>
    </ClInclude>
    <ClInclude Include="ObjectsFilter.h">
      <Filter>Header Files</Filter>
    </ClInclude>
    <ClInclude Include="QuadTree.h">
      <Filter>Header Files</Filter>
    </ClInclude>
    <ClInclude Include="Stage.h">
      <Filter>Header Files</Filter>
    </ClInclude>
    <ClInclude Include="Stairs.h">
      <Filter>Header Files</Filter>
    </ClInclude>
    <ClInclude Include="DelayTime.h">
      <Filter>Header Files</Filter>
    </ClInclude>
    <ClInclude Include="OuterSpace.h">
      <Filter>Header Files</Filter>
    </ClInclude>
    <ClInclude Include="RockmanBullet.h">
      <Filter>Header Files</Filter>
    </ClInclude>
    <ClInclude Include="SuperCutter.h">
      <Filter>Header Files</Filter>
    </ClInclude>
    <ClInclude Include="Beak.h">
      <Filter>Header Files</Filter>
    </ClInclude>
    <ClInclude Include="BeakBullet.h">
      <Filter>Header Files</Filter>
    </ClInclude>
    <ClInclude Include="Blader.h">
      <Filter>Header Files</Filter>
    </ClInclude>
    <ClInclude Include="Enemy.h">
      <Filter>Header Files</Filter>
    </ClInclude>
    <ClInclude Include="OctopusBattery.h">
      <Filter>Header Files</Filter>
    </ClInclude>
    <ClInclude Include="Picket.h">
      <Filter>Header Files</Filter>
    </ClInclude>
    <ClInclude Include="Flea.h">
      <Filter>Header Files</Filter>
    </ClInclude>
    <ClInclude Include="SuperCutterBullet.h">
      <Filter>Header Files</Filter>
    </ClInclude>
    <ClInclude Include="FlyingShell.h">
      <Filter>Header Files</Filter>
    </ClInclude>
    <ClInclude Include="BigEye.h">
      <Filter>Header Files</Filter>
    </ClInclude>
    <ClInclude Include="ScrewBomber.h">
      <Filter>Header Files</Filter>
    </ClInclude>
    <ClInclude Include="Cutman.h">
      <Filter>Header Files</Filter>
    </ClInclude>
    <ClInclude Include="Door.h">
      <Filter>Header Files</Filter>
    </ClInclude>
    <ClInclude Include="Scene.h">
      <Filter>Header Files</Filter>
    </ClInclude>
    <ClInclude Include="SelectMapScene.h">
      <Filter>Header Files</Filter>
    </ClInclude>
    <ClInclude Include="MapScene.h">
      <Filter>Header Files</Filter>
    </ClInclude>
    <ClInclude Include="resource.h">
      <Filter>Header Files</Filter>
    </ClInclude>
    <ClInclude Include="CutmanMap.h">
      <Filter>Header Files</Filter>
    </ClInclude>
    <ClInclude Include="GutsmanMap.h">
      <Filter>Header Files</Filter>
    </ClInclude>
    <ClInclude Include="TextSprite.h">
      <Filter>Header Files</Filter>
    </ClInclude>
    <ClInclude Include="IntroScene.h">
      <Filter>Header Files</Filter>
    </ClInclude>
    <ClInclude Include="CutmanScissors.h">
      <Filter>Header Files</Filter>
    </ClInclude>
    <ClInclude Include="Met.h">
      <Filter>Header Files</Filter>
    </ClInclude>
    <ClInclude Include="Trundle.h">
      <Filter>Header Files</Filter>
    </ClInclude>
    <ClInclude Include="Bridge.h">
      <Filter>Header Files</Filter>
    </ClInclude>
    <ClInclude Include="PicketBullet.h">
      <Filter>Header Files</Filter>
    </ClInclude>
    <ClInclude Include="SelectMapFrame.h">
      <Filter>Header Files</Filter>
    </ClInclude>
    <ClInclude Include="Death.h">
      <Filter>Header Files</Filter>
    </ClInclude>
    <ClInclude Include="Item.h">
      <Filter>Header Files</Filter>
    </ClInclude>
    <ClInclude Include="BonusBallItem.h">
      <Filter>Header Files</Filter>
    </ClInclude>
    <ClInclude Include="OneUpItem.h">
      <Filter>Header Files</Filter>
    </ClInclude>
    <ClInclude Include="BigLifeEnergyItem.h">
      <Filter>Header Files</Filter>
    </ClInclude>
    <ClInclude Include="SmallLifeEnergyItem.h">
      <Filter>Header Files</Filter>
    </ClInclude>
    <ClInclude Include="MagnetBeamItem.h">
      <Filter>Header Files</Filter>
    </ClInclude>
    <ClInclude Include="BigWeaponEnergyItem.h">
      <Filter>Header Files</Filter>
    </ClInclude>
    <ClInclude Include="SmallWeaponEnergyItem.h">
      <Filter>Header Files</Filter>
    </ClInclude>
    <ClInclude Include="YashichiItem.h">
      <Filter>Header Files</Filter>
    </ClInclude>
    <ClInclude Include="RockmanCutBullet.h">
      <Filter>Header Files</Filter>
    </ClInclude>
    <ClInclude Include="HealthSprite.h">
      <Filter>Header Files</Filter>
    </ClInclude>
    <ClInclude Include="RockmanDeath.h">
      <Filter>Header Files</Filter>
    </ClInclude>
    <ClInclude Include="Spike.h">
      <Filter>Header Files</Filter>
    </ClInclude>
    <ClInclude Include="DeathHole.h">
      <Filter>Header Files</Filter>
    </ClInclude>
    <ClInclude Include="Flickable.h">
      <Filter>Header Files</Filter>
    </ClInclude>
    <ClInclude Include="Camera.h">
      <Filter>Header Files</Filter>
    </ClInclude>
    <ClInclude Include="DirectXTool.h">
      <Filter>Header Files</Filter>
    </ClInclude>
    <ClInclude Include="Form.h">
      <Filter>Header Files</Filter>
    </ClInclude>
    <ClInclude Include="GameTime.h">
      <Filter>Header Files</Filter>
    </ClInclude>
    <ClInclude Include="MGMPoint.h">
      <Filter>Header Files</Filter>
    </ClInclude>
    <ClInclude Include="CWaveFile.h">
      <Filter>Header Files</Filter>
    </ClInclude>
    <ClInclude Include="GameSound.h">
      <Filter>Header Files</Filter>
    </ClInclude>
    <ClInclude Include="Sound.h">
      <Filter>Header Files</Filter>
    </ClInclude>
    <ClInclude Include="Gutsman.h">
      <Filter>Header Files</Filter>
    </ClInclude>
    <ClInclude Include="GutsmanRock.h">
      <Filter>Header Files</Filter>
    </ClInclude>
    <ClInclude Include="GutsmanBrokenRock.h">
      <Filter>Header Files</Filter>
    </ClInclude>
    <ClInclude Include="ClearPointSprite.h">
      <Filter>Header Files</Filter>
    </ClInclude>
    <ClInclude Include="StartGameScene.h">
      <Filter>Header Files</Filter>
    </ClInclude>
  </ItemGroup>
  <ItemGroup>
    <ResourceCompile Include="MegaMan.rc">
      <Filter>Resource Files</Filter>
    </ResourceCompile>
  </ItemGroup>
</Project>